{
  "name": "commandagi-agents",
  "version": "1.0.0",
  "lockfileVersion": 3,
  "requires": true,
  "packages": {
    "": {
      "name": "commandagi-agents",
      "version": "1.0.0",
      "license": "ISC",
      "dependencies": {
        "commandagi-agnet-spec": "github:commandAGI/commandAGI-agent-spec",
        "commandagi-agnet-thunderbolt-000": "github:commandAGI/commandAGI-agent-thunderbolt-000"
      }
    },
    "node_modules/commandagi-agnet-spec": {
      "version": "1.0.0",
      "resolved": "git+ssh://git@github.com/commandAGI/commandAGI-agent-spec.git#a8e56cace8c87236e38aad0689dae6e64781bb95",
      "license": "ISC"
    },
    "node_modules/commandagi-agnet-thunderbolt-000": {
      "version": "1.0.0",
      "resolved": "git+ssh://git@github.com/commandAGI/commandAGI-agent-thunderbolt-000.git#54004e25484673cd573b75d81844c27bf2701a10",
      "license": "ISC"
    }
  }
}
